
Microsoft Visual Studio Solution File, Format Version 12.00
# Visual Studio Version 16
VisualStudioVersion = 16.0.30717.126
MinimumVisualStudioVersion = 10.0.40219.1
Project("{FAE04EC0-301F-11D3-BF4B-00C04F79EFBC}") = "BoBo3DGal_Eyal", "BoBo3DGal_Eyal\BoBo3DGal_Eyal.csproj", "{3DF4FFA4-2088-4E8E-B1E2-55A03E4DE060}"
EndProject
Global
	GlobalSection(SolutionConfigurationPlatforms) = preSolution
		Debug|Any CPU = Debug|Any CPU
		Release|Any CPU = Release|Any CPU
	EndGlobalSection
	GlobalSection(ProjectConfigurationPlatforms) = postSolution
		{3DF4FFA4-2088-4E8E-B1E2-55A03E4DE060}.Debug|Any CPU.ActiveCfg = Debug|Any CPU
		{3DF4FFA4-2088-4E8E-B1E2-55A03E4DE060}.Debug|Any CPU.Build.0 = Debug|Any CPU
		{3DF4FFA4-2088-4E8E-B1E2-55A03E4DE060}.Release|Any CPU.ActiveCfg = Release|Any CPU
		{3DF4FFA4-2088-4E8E-B1E2-55A03E4DE060}.Release|Any CPU.Build.0 = Release|Any CPU
	EndGlobalSection
	GlobalSection(SolutionProperties) = preSolution
		HideSolutionNode = FALSE
	EndGlobalSection
	GlobalSection(ExtensibilityGlobals) = postSolution
		SolutionGuid = {A2430F85-3CFD-467A-887C-FF42E1DC04B8}
	EndGlobalSection
EndGlobal
